
Microsoft Visual Studio Solution File, Format Version 12.00
# Visual Studio Version 17
VisualStudioVersion = 17.1.32228.430
MinimumVisualStudioVersion = 10.0.40219.1
Project("{FAE04EC0-301F-11D3-BF4B-00C04F79EFBC}") = "WordGame", "WordGame\WordGame.csproj", "{B018D086-B7EE-4AF1-9FD7-60410308F10F}"
EndProject
Global
	GlobalSection(SolutionConfigurationPlatforms) = preSolution
		Debug|Any CPU = Debug|Any CPU
		Release|Any CPU = Release|Any CPU
	EndGlobalSection
	GlobalSection(ProjectConfigurationPlatforms) = postSolution
		{B018D086-B7EE-4AF1-9FD7-60410308F10F}.Debug|Any CPU.ActiveCfg = Debug|Any CPU
		{B018D086-B7EE-4AF1-9FD7-60410308F10F}.Debug|Any CPU.Build.0 = Debug|Any CPU
		{B018D086-B7EE-4AF1-9FD7-60410308F10F}.Release|Any CPU.ActiveCfg = Release|Any CPU
		{B018D086-B7EE-4AF1-9FD7-60410308F10F}.Release|Any CPU.Build.0 = Release|Any CPU
	EndGlobalSection
	GlobalSection(SolutionProperties) = preSolution
		HideSolutionNode = FALSE
	EndGlobalSection
	GlobalSection(ExtensibilityGlobals) = postSolution
		SolutionGuid = {A2599E58-3DAF-4120-A769-A6891B14274F}
	EndGlobalSection
EndGlobal
